
Microsoft Visual Studio Solution File, Format Version 12.00
# Visual Studio Version 16
VisualStudioVersion = 16.0.29215.179
MinimumVisualStudioVersion = 10.0.40219.1
Project("{8BC9CEB8-8B4A-11D0-8D11-00A0C91BC942}") = "RayTrace", "RayTrace\RayTrace.vcxproj", "{26D8FD06-A0FE-4CAB-967F-784F67A56CFC}"
EndProject
Global
	GlobalSection(SolutionConfigurationPlatforms) = preSolution
		Debug|x64 = Debug|x64
		Debug|x86 = Debug|x86
		Release|x64 = Release|x64
		Release|x86 = Release|x86
	EndGlobalSection
	GlobalSection(ProjectConfigurationPlatforms) = postSolution
		{26D8FD06-A0FE-4CAB-967F-784F67A56CFC}.Debug|x64.ActiveCfg = Debug|x64
		{26D8FD06-A0FE-4CAB-967F-784F67A56CFC}.Debug|x64.Build.0 = Debug|x64
		{26D8FD06-A0FE-4CAB-967F-784F67A56CFC}.Debug|x86.ActiveCfg = Debug|Win32
		{26D8FD06-A0FE-4CAB-967F-784F67A56CFC}.Debug|x86.Build.0 = Debug|Win32
		{26D8FD06-A0FE-4CAB-967F-784F67A56CFC}.Release|x64.ActiveCfg = Release|x64
		{26D8FD06-A0FE-4CAB-967F-784F67A56CFC}.Release|x64.Build.0 = Release|x64
		{26D8FD06-A0FE-4CAB-967F-784F67A56CFC}.Release|x86.ActiveCfg = Release|Win32
		{26D8FD06-A0FE-4CAB-967F-784F67A56CFC}.Release|x86.Build.0 = Release|Win32
	EndGlobalSection
	GlobalSection(SolutionProperties) = preSolution
		HideSolutionNode = FALSE
	EndGlobalSection
	GlobalSection(ExtensibilityGlobals) = postSolution
		SolutionGuid = {742F2787-4AB7-4918-B2E3-C620176B150B}
	EndGlobalSection
EndGlobal
